
Microsoft Visual Studio Solution File, Format Version 12.00
# Visual Studio Version 17
VisualStudioVersion = 17.4.33103.184
MinimumVisualStudioVersion = 10.0.40219.1
Project("{9A19103F-16F7-4668-BE54-9A1E7A4F7556}") = "Hestia.Base", "Hestia.Base\Hestia.Base.csproj", "{7426C185-CC5B-47B9-B5ED-06B56ACDAC48}"
EndProject
Project("{9A19103F-16F7-4668-BE54-9A1E7A4F7556}") = "Hestia.Base.Tests", "Hestia.Base.Tests\Hestia.Base.Tests.csproj", "{966E443B-2FAF-4D67-ADD5-7C4132F3FDD3}"
EndProject
Project("{2150E333-8FDC-42A3-9474-1A3956D46DE8}") = "Solution Items", "Solution Items", "{3018670F-C195-4587-8C60-666AE0AED64B}"
	ProjectSection(SolutionItems) = preProject
		README.md = README.md
	EndProjectSection
EndProject
Project("{FAE04EC0-301F-11D3-BF4B-00C04F79EFBC}") = "Hestia.Application.DelaunayVoronoi", "Hestia.Application.DelaunayVoronoi\Hestia.Application.DelaunayVoronoi.csproj", "{3AF061EE-9131-4917-B5B6-805545452F30}"
EndProject
Global
	GlobalSection(SolutionConfigurationPlatforms) = preSolution
		Debug|Any CPU = Debug|Any CPU
		Release|Any CPU = Release|Any CPU
	EndGlobalSection
	GlobalSection(ProjectConfigurationPlatforms) = postSolution
		{7426C185-CC5B-47B9-B5ED-06B56ACDAC48}.Debug|Any CPU.ActiveCfg = Debug|Any CPU
		{7426C185-CC5B-47B9-B5ED-06B56ACDAC48}.Debug|Any CPU.Build.0 = Debug|Any CPU
		{7426C185-CC5B-47B9-B5ED-06B56ACDAC48}.Release|Any CPU.ActiveCfg = Release|Any CPU
		{7426C185-CC5B-47B9-B5ED-06B56ACDAC48}.Release|Any CPU.Build.0 = Release|Any CPU
		{966E443B-2FAF-4D67-ADD5-7C4132F3FDD3}.Debug|Any CPU.ActiveCfg = Debug|Any CPU
		{966E443B-2FAF-4D67-ADD5-7C4132F3FDD3}.Debug|Any CPU.Build.0 = Debug|Any CPU
		{966E443B-2FAF-4D67-ADD5-7C4132F3FDD3}.Release|Any CPU.ActiveCfg = Release|Any CPU
		{966E443B-2FAF-4D67-ADD5-7C4132F3FDD3}.Release|Any CPU.Build.0 = Release|Any CPU
		{3AF061EE-9131-4917-B5B6-805545452F30}.Debug|Any CPU.ActiveCfg = Debug|Any CPU
		{3AF061EE-9131-4917-B5B6-805545452F30}.Debug|Any CPU.Build.0 = Debug|Any CPU
		{3AF061EE-9131-4917-B5B6-805545452F30}.Release|Any CPU.ActiveCfg = Release|Any CPU
		{3AF061EE-9131-4917-B5B6-805545452F30}.Release|Any CPU.Build.0 = Release|Any CPU
	EndGlobalSection
	GlobalSection(SolutionProperties) = preSolution
		HideSolutionNode = FALSE
	EndGlobalSection
	GlobalSection(ExtensibilityGlobals) = postSolution
		SolutionGuid = {BE63003C-F964-453B-9E9E-A503EC6AFDDC}
	EndGlobalSection
EndGlobal
